
Microsoft Visual Studio Solution File, Format Version 12.00
# Visual Studio 15
VisualStudioVersion = 15.0.27703.2026
MinimumVisualStudioVersion = 10.0.40219.1
Project("{FAE04EC0-301F-11D3-BF4B-00C04F79EFBC}") = "ScottBrady91.Fido2.Poc", "ScottBrady91.Fido2.Poc\ScottBrady91.Fido2.Poc.csproj", "{582F12CA-0A3A-45D1-9449-669A2A12BDBA}"
EndProject
Global
	GlobalSection(SolutionConfigurationPlatforms) = preSolution
		Debug|Any CPU = Debug|Any CPU
		Release|Any CPU = Release|Any CPU
	EndGlobalSection
	GlobalSection(ProjectConfigurationPlatforms) = postSolution
		{582F12CA-0A3A-45D1-9449-669A2A12BDBA}.Debug|Any CPU.ActiveCfg = Debug|Any CPU
		{582F12CA-0A3A-45D1-9449-669A2A12BDBA}.Debug|Any CPU.Build.0 = Debug|Any CPU
		{582F12CA-0A3A-45D1-9449-669A2A12BDBA}.Release|Any CPU.ActiveCfg = Release|Any CPU
		{582F12CA-0A3A-45D1-9449-669A2A12BDBA}.Release|Any CPU.Build.0 = Release|Any CPU
	EndGlobalSection
	GlobalSection(SolutionProperties) = preSolution
		HideSolutionNode = FALSE
	EndGlobalSection
	GlobalSection(ExtensibilityGlobals) = postSolution
		SolutionGuid = {E84CFC4A-41A4-4454-972C-2EAF6B6C6E86}
	EndGlobalSection
EndGlobal
